
Microsoft Visual Studio Solution File, Format Version 12.00
# Visual Studio Version 16
VisualStudioVersion = 16.0.31410.357
MinimumVisualStudioVersion = 10.0.40219.1
Project("{FAE04EC0-301F-11D3-BF4B-00C04F79EFBC}") = "HashKiller API", "HashKiller API\HashKiller API.csproj", "{8E4CE19C-2658-434E-ABEC-74D04E2DE3CA}"
EndProject
Project("{FAE04EC0-301F-11D3-BF4B-00C04F79EFBC}") = "ConsoleApp1", "ConsoleApp1\ConsoleApp1.csproj", "{B99ACBE8-48BB-460F-9E43-1EBA0E0D2432}"
EndProject
Global
	GlobalSection(SolutionConfigurationPlatforms) = preSolution
		Debug|Any CPU = Debug|Any CPU
		Release|Any CPU = Release|Any CPU
	EndGlobalSection
	GlobalSection(ProjectConfigurationPlatforms) = postSolution
		{8E4CE19C-2658-434E-ABEC-74D04E2DE3CA}.Debug|Any CPU.ActiveCfg = Debug|Any CPU
		{8E4CE19C-2658-434E-ABEC-74D04E2DE3CA}.Debug|Any CPU.Build.0 = Debug|Any CPU
		{8E4CE19C-2658-434E-ABEC-74D04E2DE3CA}.Release|Any CPU.ActiveCfg = Release|Any CPU
		{8E4CE19C-2658-434E-ABEC-74D04E2DE3CA}.Release|Any CPU.Build.0 = Release|Any CPU
		{B99ACBE8-48BB-460F-9E43-1EBA0E0D2432}.Debug|Any CPU.ActiveCfg = Debug|Any CPU
		{B99ACBE8-48BB-460F-9E43-1EBA0E0D2432}.Debug|Any CPU.Build.0 = Debug|Any CPU
		{B99ACBE8-48BB-460F-9E43-1EBA0E0D2432}.Release|Any CPU.ActiveCfg = Release|Any CPU
		{B99ACBE8-48BB-460F-9E43-1EBA0E0D2432}.Release|Any CPU.Build.0 = Release|Any CPU
	EndGlobalSection
	GlobalSection(SolutionProperties) = preSolution
		HideSolutionNode = FALSE
	EndGlobalSection
	GlobalSection(ExtensibilityGlobals) = postSolution
		SolutionGuid = {E726ABFB-7592-417E-86E8-F69DF4F80587}
	EndGlobalSection
EndGlobal
